
Microsoft Visual Studio Solution File, Format Version 12.00
# Visual Studio Version 16
VisualStudioVersion = 16.0.28922.388
MinimumVisualStudioVersion = 10.0.40219.1
Project("{9A19103F-16F7-4668-BE54-9A1E7A4F7556}") = "DotLiquid.Mailer.Core", "DotLiquid.Mailer.Core\DotLiquid.Mailer.Core.csproj", "{356A3F5C-AE23-40E1-909D-02BDDBBDBD8A}"
EndProject
Project("{9A19103F-16F7-4668-BE54-9A1E7A4F7556}") = "DotLiquid.Mailer.Core.Tests", "DotLiquid.Mailer.Core.Tests\DotLiquid.Mailer.Core.Tests.csproj", "{D9E09758-1FFE-4EC2-B009-55B67F81F124}"
EndProject
Global
	GlobalSection(SolutionConfigurationPlatforms) = preSolution
		Debug|Any CPU = Debug|Any CPU
		Release|Any CPU = Release|Any CPU
	EndGlobalSection
	GlobalSection(ProjectConfigurationPlatforms) = postSolution
		{356A3F5C-AE23-40E1-909D-02BDDBBDBD8A}.Debug|Any CPU.ActiveCfg = Debug|Any CPU
		{356A3F5C-AE23-40E1-909D-02BDDBBDBD8A}.Debug|Any CPU.Build.0 = Debug|Any CPU
		{356A3F5C-AE23-40E1-909D-02BDDBBDBD8A}.Release|Any CPU.ActiveCfg = Release|Any CPU
		{356A3F5C-AE23-40E1-909D-02BDDBBDBD8A}.Release|Any CPU.Build.0 = Release|Any CPU
		{D9E09758-1FFE-4EC2-B009-55B67F81F124}.Debug|Any CPU.ActiveCfg = Debug|Any CPU
		{D9E09758-1FFE-4EC2-B009-55B67F81F124}.Debug|Any CPU.Build.0 = Debug|Any CPU
		{D9E09758-1FFE-4EC2-B009-55B67F81F124}.Release|Any CPU.ActiveCfg = Release|Any CPU
		{D9E09758-1FFE-4EC2-B009-55B67F81F124}.Release|Any CPU.Build.0 = Release|Any CPU
	EndGlobalSection
	GlobalSection(SolutionProperties) = preSolution
		HideSolutionNode = FALSE
	EndGlobalSection
	GlobalSection(ExtensibilityGlobals) = postSolution
		SolutionGuid = {A4EAB704-16F3-42F3-B7C8-EB10DBCD433A}
	EndGlobalSection
EndGlobal
